﻿
Microsoft Visual Studio Solution File, Format Version 12.00
# Visual Studio Version 17
VisualStudioVersion = 17.8.34330.188
MinimumVisualStudioVersion = 10.0.40219.1
Project("{2150E333-8FDC-42A3-9474-1A3956D46DE8}") = "Core", "Core", "{606C84EC-86DB-459D-B431-32BC13966E9B}"
EndProject
Project("{2150E333-8FDC-42A3-9474-1A3956D46DE8}") = "External", "External", "{BB9106F2-EB65-44DC-B425-39245C1F8118}"
EndProject
Project("{2150E333-8FDC-42A3-9474-1A3956D46DE8}") = "Presentation", "Presentation", "{D0137497-4B8E-4642-BAB5-AAC6F1398760}"
EndProject
Project("{2150E333-8FDC-42A3-9474-1A3956D46DE8}") = "Infrastructure", "Infrastructure", "{6D7DCF6C-FD32-4977-9F55-0C69FAF9BA4A}"
EndProject
Project("{2150E333-8FDC-42A3-9474-1A3956D46DE8}") = "Common", "Common", "{12AC514E-E60B-4E8B-A059-8F4954976346}"
EndProject
Project("{2150E333-8FDC-42A3-9474-1A3956D46DE8}") = "BackgroundJob", "BackgroundJob", "{3AC5BCFB-C19C-4B4E-A8F4-45CC8050BEA1}"
EndProject
Project("{2150E333-8FDC-42A3-9474-1A3956D46DE8}") = "FileObjectStorage", "FileObjectStorage", "{522EDF7C-8A9E-41AC-B656-F05F4EAADF74}"
EndProject
Project("{2150E333-8FDC-42A3-9474-1A3956D46DE8}") = "Notification", "Notification", "{64ADA34B-D273-46CD-B4A6-9ABD37048A3C}"
EndProject
Project("{2150E333-8FDC-42A3-9474-1A3956D46DE8}") = "Mail", "Mail", "{A1E43EEC-3141-46F6-B34F-98A9A953A1FE}"
EndProject
Project("{2150E333-8FDC-42A3-9474-1A3956D46DE8}") = "IdentityService", "IdentityService", "{AE5ABB11-A9E4-47BF-9748-2386848CB554}"
EndProject
Project("{2150E333-8FDC-42A3-9474-1A3956D46DE8}") = "JsonWebToken", "JsonWebToken", "{48411B85-9281-41C5-9BE0-134452CA84A7}"
EndProject
Project("{2150E333-8FDC-42A3-9474-1A3956D46DE8}") = "Persistence", "Persistence", "{A04BC5C9-34D3-469D-BAD5-70445D2A5783}"
EndProject
Project("{2150E333-8FDC-42A3-9474-1A3956D46DE8}") = "Relational", "Relational", "{44D19EA7-45CA-44BB-A3D5-469D625BC4E9}"
EndProject
Project("{2150E333-8FDC-42A3-9474-1A3956D46DE8}") = "Caching", "Caching", "{52F76AC2-5945-4C44-A714-EC920FD627F4}"
EndProject
Project("{9A19103F-16F7-4668-BE54-9A1E7A4F7556}") = "FuDever.Configuration", "External\Common\FuDever.Configuration\FuDever.Configuration.csproj", "{EAC2EAE9-3E50-4D0F-A6FE-A87F24605040}"
EndProject
Project("{2150E333-8FDC-42A3-9474-1A3956D46DE8}") = "Image", "Image", "{84B38DCB-C232-4820-8076-F06F4BEDC9B4}"
EndProject
Project("{9A19103F-16F7-4668-BE54-9A1E7A4F7556}") = "FuDever.GoogleSmtp", "External\Infrastructure\Notification\Mail\FuDever.GoogleSmtp\FuDever.GoogleSmtp.csproj", "{1710F4A1-AA05-4284-9F8B-155696BF6543}"
EndProject
Project("{9A19103F-16F7-4668-BE54-9A1E7A4F7556}") = "FuDever.Redis", "External\Infrastructure\Persistence\Caching\FuDever.Redis\FuDever.Redis.csproj", "{5DD8288D-4557-4781-9E23-8E40AAB3756E}"
EndProject
Project("{9A19103F-16F7-4668-BE54-9A1E7A4F7556}") = "FuDever.WebApi", "External\Presentation\FuDever.WebApi\FuDever.WebApi.csproj", "{E03846B4-0F89-4E1A-B061-A67816845011}"
EndProject
Project("{9A19103F-16F7-4668-BE54-9A1E7A4F7556}") = "FuDever.Domain", "Core\FuDever.Domain\FuDever.Domain.csproj", "{27588A55-9BFB-402C-8328-B888285CDAC4}"
EndProject
Project("{9A19103F-16F7-4668-BE54-9A1E7A4F7556}") = "FuDever.Application", "Core\FuDever.Application\FuDever.Application.csproj", "{FF9C1DF0-DC6C-48BA-97A5-124A92135EF0}"
EndProject
Project("{9A19103F-16F7-4668-BE54-9A1E7A4F7556}") = "FuDever.PostgresSql", "External\Infrastructure\Persistence\Relational\FuDever.PostgresSql\FuDever.PostgresSql.csproj", "{2453CE7F-15FF-407A-9A8B-64501FC2978C}"
EndProject
Project("{2150E333-8FDC-42A3-9474-1A3956D46DE8}") = "DataProtectionService", "DataProtectionService", "{D87607FC-CFC4-4B94-BCDF-8E50B56F8E7B}"
EndProject
Project("{9A19103F-16F7-4668-BE54-9A1E7A4F7556}") = "FuDever.AppJwt", "External\Infrastructure\IdentityService\JsonWebToken\FuDever.AppJwt\FuDever.AppJwt.csproj", "{107377FE-86EF-4D62-A82B-A2B9ED972D70}"
EndProject
Project("{9A19103F-16F7-4668-BE54-9A1E7A4F7556}") = "FuDever.ImageCloudinary", "External\Infrastructure\FileObjectStorage\Image\FuDever.ImageCloudinary\FuDever.ImageCloudinary.csproj", "{E7CBC6D1-DAEB-45D8-8D98-0725E684109B}"
EndProject
Global
	GlobalSection(SolutionConfigurationPlatforms) = preSolution
		Debug|Any CPU = Debug|Any CPU
		Release|Any CPU = Release|Any CPU
	EndGlobalSection
	GlobalSection(ProjectConfigurationPlatforms) = postSolution
		{EAC2EAE9-3E50-4D0F-A6FE-A87F24605040}.Debug|Any CPU.ActiveCfg = Debug|Any CPU
		{EAC2EAE9-3E50-4D0F-A6FE-A87F24605040}.Debug|Any CPU.Build.0 = Debug|Any CPU
		{EAC2EAE9-3E50-4D0F-A6FE-A87F24605040}.Release|Any CPU.ActiveCfg = Release|Any CPU
		{EAC2EAE9-3E50-4D0F-A6FE-A87F24605040}.Release|Any CPU.Build.0 = Release|Any CPU
		{1710F4A1-AA05-4284-9F8B-155696BF6543}.Debug|Any CPU.ActiveCfg = Debug|Any CPU
		{1710F4A1-AA05-4284-9F8B-155696BF6543}.Debug|Any CPU.Build.0 = Debug|Any CPU
		{1710F4A1-AA05-4284-9F8B-155696BF6543}.Release|Any CPU.ActiveCfg = Release|Any CPU
		{1710F4A1-AA05-4284-9F8B-155696BF6543}.Release|Any CPU.Build.0 = Release|Any CPU
		{5DD8288D-4557-4781-9E23-8E40AAB3756E}.Debug|Any CPU.ActiveCfg = Debug|Any CPU
		{5DD8288D-4557-4781-9E23-8E40AAB3756E}.Debug|Any CPU.Build.0 = Debug|Any CPU
		{5DD8288D-4557-4781-9E23-8E40AAB3756E}.Release|Any CPU.ActiveCfg = Release|Any CPU
		{5DD8288D-4557-4781-9E23-8E40AAB3756E}.Release|Any CPU.Build.0 = Release|Any CPU
		{E03846B4-0F89-4E1A-B061-A67816845011}.Debug|Any CPU.ActiveCfg = Debug|Any CPU
		{E03846B4-0F89-4E1A-B061-A67816845011}.Debug|Any CPU.Build.0 = Debug|Any CPU
		{E03846B4-0F89-4E1A-B061-A67816845011}.Release|Any CPU.ActiveCfg = Release|Any CPU
		{E03846B4-0F89-4E1A-B061-A67816845011}.Release|Any CPU.Build.0 = Release|Any CPU
		{27588A55-9BFB-402C-8328-B888285CDAC4}.Debug|Any CPU.ActiveCfg = Debug|Any CPU
		{27588A55-9BFB-402C-8328-B888285CDAC4}.Debug|Any CPU.Build.0 = Debug|Any CPU
		{27588A55-9BFB-402C-8328-B888285CDAC4}.Release|Any CPU.ActiveCfg = Release|Any CPU
		{27588A55-9BFB-402C-8328-B888285CDAC4}.Release|Any CPU.Build.0 = Release|Any CPU
		{FF9C1DF0-DC6C-48BA-97A5-124A92135EF0}.Debug|Any CPU.ActiveCfg = Debug|Any CPU
		{FF9C1DF0-DC6C-48BA-97A5-124A92135EF0}.Debug|Any CPU.Build.0 = Debug|Any CPU
		{FF9C1DF0-DC6C-48BA-97A5-124A92135EF0}.Release|Any CPU.ActiveCfg = Release|Any CPU
		{FF9C1DF0-DC6C-48BA-97A5-124A92135EF0}.Release|Any CPU.Build.0 = Release|Any CPU
		{2453CE7F-15FF-407A-9A8B-64501FC2978C}.Debug|Any CPU.ActiveCfg = Debug|Any CPU
		{2453CE7F-15FF-407A-9A8B-64501FC2978C}.Debug|Any CPU.Build.0 = Debug|Any CPU
		{2453CE7F-15FF-407A-9A8B-64501FC2978C}.Release|Any CPU.ActiveCfg = Release|Any CPU
		{2453CE7F-15FF-407A-9A8B-64501FC2978C}.Release|Any CPU.Build.0 = Release|Any CPU
		{107377FE-86EF-4D62-A82B-A2B9ED972D70}.Debug|Any CPU.ActiveCfg = Debug|Any CPU
		{107377FE-86EF-4D62-A82B-A2B9ED972D70}.Debug|Any CPU.Build.0 = Debug|Any CPU
		{107377FE-86EF-4D62-A82B-A2B9ED972D70}.Release|Any CPU.ActiveCfg = Release|Any CPU
		{107377FE-86EF-4D62-A82B-A2B9ED972D70}.Release|Any CPU.Build.0 = Release|Any CPU
		{E7CBC6D1-DAEB-45D8-8D98-0725E684109B}.Debug|Any CPU.ActiveCfg = Debug|Any CPU
		{E7CBC6D1-DAEB-45D8-8D98-0725E684109B}.Debug|Any CPU.Build.0 = Debug|Any CPU
		{E7CBC6D1-DAEB-45D8-8D98-0725E684109B}.Release|Any CPU.ActiveCfg = Release|Any CPU
		{E7CBC6D1-DAEB-45D8-8D98-0725E684109B}.Release|Any CPU.Build.0 = Release|Any CPU
	EndGlobalSection
	GlobalSection(SolutionProperties) = preSolution
		HideSolutionNode = FALSE
	EndGlobalSection
	GlobalSection(NestedProjects) = preSolution
		{D0137497-4B8E-4642-BAB5-AAC6F1398760} = {BB9106F2-EB65-44DC-B425-39245C1F8118}
		{6D7DCF6C-FD32-4977-9F55-0C69FAF9BA4A} = {BB9106F2-EB65-44DC-B425-39245C1F8118}
		{12AC514E-E60B-4E8B-A059-8F4954976346} = {BB9106F2-EB65-44DC-B425-39245C1F8118}
		{3AC5BCFB-C19C-4B4E-A8F4-45CC8050BEA1} = {6D7DCF6C-FD32-4977-9F55-0C69FAF9BA4A}
		{522EDF7C-8A9E-41AC-B656-F05F4EAADF74} = {6D7DCF6C-FD32-4977-9F55-0C69FAF9BA4A}
		{64ADA34B-D273-46CD-B4A6-9ABD37048A3C} = {6D7DCF6C-FD32-4977-9F55-0C69FAF9BA4A}
		{A1E43EEC-3141-46F6-B34F-98A9A953A1FE} = {64ADA34B-D273-46CD-B4A6-9ABD37048A3C}
		{AE5ABB11-A9E4-47BF-9748-2386848CB554} = {6D7DCF6C-FD32-4977-9F55-0C69FAF9BA4A}
		{48411B85-9281-41C5-9BE0-134452CA84A7} = {AE5ABB11-A9E4-47BF-9748-2386848CB554}
		{A04BC5C9-34D3-469D-BAD5-70445D2A5783} = {6D7DCF6C-FD32-4977-9F55-0C69FAF9BA4A}
		{44D19EA7-45CA-44BB-A3D5-469D625BC4E9} = {A04BC5C9-34D3-469D-BAD5-70445D2A5783}
		{52F76AC2-5945-4C44-A714-EC920FD627F4} = {A04BC5C9-34D3-469D-BAD5-70445D2A5783}
		{EAC2EAE9-3E50-4D0F-A6FE-A87F24605040} = {12AC514E-E60B-4E8B-A059-8F4954976346}
		{84B38DCB-C232-4820-8076-F06F4BEDC9B4} = {522EDF7C-8A9E-41AC-B656-F05F4EAADF74}
		{1710F4A1-AA05-4284-9F8B-155696BF6543} = {A1E43EEC-3141-46F6-B34F-98A9A953A1FE}
		{5DD8288D-4557-4781-9E23-8E40AAB3756E} = {52F76AC2-5945-4C44-A714-EC920FD627F4}
		{E03846B4-0F89-4E1A-B061-A67816845011} = {D0137497-4B8E-4642-BAB5-AAC6F1398760}
		{27588A55-9BFB-402C-8328-B888285CDAC4} = {606C84EC-86DB-459D-B431-32BC13966E9B}
		{FF9C1DF0-DC6C-48BA-97A5-124A92135EF0} = {606C84EC-86DB-459D-B431-32BC13966E9B}
		{2453CE7F-15FF-407A-9A8B-64501FC2978C} = {44D19EA7-45CA-44BB-A3D5-469D625BC4E9}
		{D87607FC-CFC4-4B94-BCDF-8E50B56F8E7B} = {6D7DCF6C-FD32-4977-9F55-0C69FAF9BA4A}
		{107377FE-86EF-4D62-A82B-A2B9ED972D70} = {48411B85-9281-41C5-9BE0-134452CA84A7}
		{E7CBC6D1-DAEB-45D8-8D98-0725E684109B} = {84B38DCB-C232-4820-8076-F06F4BEDC9B4}
	EndGlobalSection
	GlobalSection(ExtensibilityGlobals) = postSolution
		SolutionGuid = {45C1A569-3684-4795-9C75-B11CDE8C256F}
	EndGlobalSection
EndGlobal